{
    "version": 3,
    "terraform_version": "0.12.31",
    "serial": 1,
    "lineage": "5465a751-4772-208c-81fb-a6fb47fc6090",
    "modules": [
        {
            "path": [
                "root"
            ],
            "outputs": {
                "aws_iam_policy_tfer--AWSLambdaAMIExecutionRole-233107d0-47d6-44d5-b0c3-accaee12e26f_id": {
                    "sensitive": false,
                    "type": "string",
                    "value": "arn:aws:iam::752417200383:policy/service-role/AWSLambdaAMIExecutionRole-233107d0-47d6-44d5-b0c3-accaee12e26f"
                },
                "aws_iam_policy_tfer--AWSLambdaBasicExecutionRole-862f3aee-8157-4e44-8ae4-21b18fcbe7dd_id": {
                    "sensitive": false,
                    "type": "string",
                    "value": "arn:aws:iam::752417200383:policy/service-role/AWSLambdaBasicExecutionRole-862f3aee-8157-4e44-8ae4-21b18fcbe7dd"
                },
                "aws_iam_policy_tfer--AWSLambdaBasicExecutionRole-8eadf6e3-9662-47d2-bffb-03b2ccc7645d_id": {
                    "sensitive": false,
                    "type": "string",
                    "value": "arn:aws:iam::752417200383:policy/service-role/AWSLambdaBasicExecutionRole-8eadf6e3-9662-47d2-bffb-03b2ccc7645d"
                },
                "aws_iam_policy_tfer--AWSLambdaBasicExecutionRole-952f0244-e997-4b87-b090-af517e5ca1af_id": {
                    "sensitive": false,
                    "type": "string",
                    "value": "arn:aws:iam::752417200383:policy/service-role/AWSLambdaBasicExecutionRole-952f0244-e997-4b87-b090-af517e5ca1af"
                },
                "aws_iam_policy_tfer--AWSLambdaBasicExecutionRole-ab994e3d-750d-4b74-96ef-54c43fe5c424_id": {
                    "sensitive": false,
                    "type": "string",
                    "value": "arn:aws:iam::752417200383:policy/service-role/AWSLambdaBasicExecutionRole-ab994e3d-750d-4b74-96ef-54c43fe5c424"
                },
                "aws_iam_policy_tfer--AWSLambdaBasicExecutionRole-b834034d-afb0-4b2a-bd8b-fc86839a6544_id": {
                    "sensitive": false,
                    "type": "string",
                    "value": "arn:aws:iam::752417200383:policy/service-role/AWSLambdaBasicExecutionRole-b834034d-afb0-4b2a-bd8b-fc86839a6544"
                },
                "aws_iam_policy_tfer--AWSLambdaBasicExecutionRole-c926a223-f0bb-4ab3-9794-a1f0f4470f75_id": {
                    "sensitive": false,
                    "type": "string",
                    "value": "arn:aws:iam::752417200383:policy/service-role/AWSLambdaBasicExecutionRole-c926a223-f0bb-4ab3-9794-a1f0f4470f75"
                },
                "aws_iam_policy_tfer--AWSLambdaBasicExecutionRole-d64a8c48-e35a-4847-b242-f3736ef477d2_id": {
                    "sensitive": false,
                    "type": "string",
                    "value": "arn:aws:iam::752417200383:policy/service-role/AWSLambdaBasicExecutionRole-d64a8c48-e35a-4847-b242-f3736ef477d2"
                },
                "aws_iam_policy_tfer--AWSLambdaBasicExecutionRole-dc0a5d3a-41d6-4771-95ad-6e948cb2592f_id": {
                    "sensitive": false,
                    "type": "string",
                    "value": "arn:aws:iam::752417200383:policy/service-role/AWSLambdaBasicExecutionRole-dc0a5d3a-41d6-4771-95ad-6e948cb2592f"
                },
                "aws_iam_policy_tfer--AWSLambdaBasicExecutionRole-f4882310-8204-4908-80f3-0f57e787f33f_id": {
                    "sensitive": false,
                    "type": "string",
                    "value": "arn:aws:iam::752417200383:policy/service-role/AWSLambdaBasicExecutionRole-f4882310-8204-4908-80f3-0f57e787f33f"
                },
                "aws_iam_policy_tfer--AWSLambdaEdgeExecutionRole-1966e8cc-bf49-41c8-83ec-946b155503a7_id": {
                    "sensitive": false,
                    "type": "string",
                    "value": "arn:aws:iam::752417200383:policy/service-role/AWSLambdaEdgeExecutionRole-1966e8cc-bf49-41c8-83ec-946b155503a7"
                },
                "aws_iam_policy_tfer--AWSLambdaEdgeExecutionRole-3d407cd8-7f92-4c5e-89cc-dee8525c3931_id": {
                    "sensitive": false,
                    "type": "string",
                    "value": "arn:aws:iam::752417200383:policy/service-role/AWSLambdaEdgeExecutionRole-3d407cd8-7f92-4c5e-89cc-dee8525c3931"
                },
                "aws_iam_policy_tfer--AWSLambdaEdgeExecutionRole-5568d390-8e89-48ff-be90-66f40a387ec7_id": {
                    "sensitive": false,
                    "type": "string",
                    "value": "arn:aws:iam::752417200383:policy/service-role/AWSLambdaEdgeExecutionRole-5568d390-8e89-48ff-be90-66f40a387ec7"
                },
                "aws_iam_policy_tfer--AWSLambdaEdgeExecutionRole-cf4b3851-f67a-4403-a4e0-2854e6830187_id": {
                    "sensitive": false,
                    "type": "string",
                    "value": "arn:aws:iam::752417200383:policy/service-role/AWSLambdaEdgeExecutionRole-cf4b3851-f67a-4403-a4e0-2854e6830187"
                },
                "aws_iam_policy_tfer--AWSLambdaTracerAccessExecutionRole-e39cbd3d-752c-4c6e-87b1-d35f293a1bd3_id": {
                    "sensitive": false,
                    "type": "string",
                    "value": "arn:aws:iam::752417200383:policy/service-role/AWSLambdaTracerAccessExecutionRole-e39cbd3d-752c-4c6e-87b1-d35f293a1bd3"
                },
                "aws_iam_policy_tfer--demo_resizer_lambda_policy_id": {
                    "sensitive": false,
                    "type": "string",
                    "value": "arn:aws:iam::752417200383:policy/demo_resizer_lambda_policy"
                },
                "aws_iam_role_policy_attachment_tfer--AWSServiceRoleForAPIGateway_APIGatewayServiceRolePolicy_id": {
                    "sensitive": false,
                    "type": "string",
                    "value": "AWSServiceRoleForAPIGateway/arn:aws:iam::aws:policy/aws-service-role/APIGatewayServiceRolePolicy"
                },
                "aws_iam_role_policy_attachment_tfer--AWSServiceRoleForAWSCloud9_AWSCloud9ServiceRolePolicy_id": {
                    "sensitive": false,
                    "type": "string",
                    "value": "AWSServiceRoleForAWSCloud9/arn:aws:iam::aws:policy/aws-service-role/AWSCloud9ServiceRolePolicy"
                },
                "aws_iam_role_policy_attachment_tfer--AWSServiceRoleForApplicationAutoScaling_DynamoDBTable_AWSApplicationAutoscalingDynamoDBTablePolicy_id": {
                    "sensitive": false,
                    "type": "string",
                    "value": "AWSServiceRoleForApplicationAutoScaling_DynamoDBTable/arn:aws:iam::aws:policy/aws-service-role/AWSApplicationAutoscalingDynamoDBTablePolicy"
                },
                "aws_iam_role_policy_attachment_tfer--AWSServiceRoleForAutoScaling_AutoScalingServiceRolePolicy_id": {
                    "sensitive": false,
                    "type": "string",
                    "value": "AWSServiceRoleForAutoScaling/arn:aws:iam::aws:policy/aws-service-role/AutoScalingServiceRolePolicy"
                },
                "aws_iam_role_policy_attachment_tfer--AWSServiceRoleForCloudFrontLogger_AWSCloudFrontLogger_id": {
                    "sensitive": false,
                    "type": "string",
                    "value": "AWSServiceRoleForCloudFrontLogger/arn:aws:iam::aws:policy/aws-service-role/AWSCloudFrontLogger"
                },
                "aws_iam_role_policy_attachment_tfer--AWSServiceRoleForECS_AmazonECSServiceRolePolicy_id": {
                    "sensitive": false,
                    "type": "string",
                    "value": "AWSServiceRoleForECS/arn:aws:iam::aws:policy/aws-service-role/AmazonECSServiceRolePolicy"
                },
                "aws_iam_role_policy_attachment_tfer--AWSServiceRoleForElastiCache_ElastiCacheServiceRolePolicy_id": {
                    "sensitive": false,
                    "type": "string",
                    "value": "AWSServiceRoleForElastiCache/arn:aws:iam::aws:policy/aws-service-role/ElastiCacheServiceRolePolicy"
                },
                "aws_iam_role_policy_attachment_tfer--AWSServiceRoleForElasticLoadBalancing_AWSElasticLoadBalancingServiceRolePolicy_id": {
                    "sensitive": false,
                    "type": "string",
                    "value": "AWSServiceRoleForElasticLoadBalancing/arn:aws:iam::aws:policy/aws-service-role/AWSElasticLoadBalancingServiceRolePolicy"
                },
                "aws_iam_role_policy_attachment_tfer--AWSServiceRoleForLambdaReplicator_AWSLambdaReplicator_id": {
                    "sensitive": false,
                    "type": "string",
                    "value": "AWSServiceRoleForLambdaReplicator/arn:aws:iam::aws:policy/aws-service-role/AWSLambdaReplicator"
                },
                "aws_iam_role_policy_attachment_tfer--AWSServiceRoleForRDS_AmazonRDSServiceRolePolicy_id": {
                    "sensitive": false,
                    "type": "string",
                    "value": "AWSServiceRoleForRDS/arn:aws:iam::aws:policy/aws-service-role/AmazonRDSServiceRolePolicy"
                },
                "aws_iam_role_policy_attachment_tfer--AWSServiceRoleForSupport_AWSSupportServiceRolePolicy_id": {
                    "sensitive": false,
                    "type": "string",
                    "value": "AWSServiceRoleForSupport/arn:aws:iam::aws:policy/aws-service-role/AWSSupportServiceRolePolicy"
                },
                "aws_iam_role_policy_attachment_tfer--AWSServiceRoleForTrustedAdvisor_AWSTrustedAdvisorServiceRolePolicy_id": {
                    "sensitive": false,
                    "type": "string",
                    "value": "AWSServiceRoleForTrustedAdvisor/arn:aws:iam::aws:policy/aws-service-role/AWSTrustedAdvisorServiceRolePolicy"
                },
                "aws_iam_role_policy_tfer--demoForum-dev-ap-northeast-2-lambdaRole_demoForum-dev-lambda_id": {
                    "sensitive": false,
                    "type": "string",
                    "value": "demoForum-dev-ap-northeast-2-lambdaRole:demoForum-dev-lambda"
                },
                "aws_iam_role_policy_tfer--tf-demo-forum-role_tf-demo-forum-role-policy_id": {
                    "sensitive": false,
                    "type": "string",
                    "value": "tf-demo-forum-role:tf-demo-forum-role-policy"
                },
                "aws_iam_role_tfer--AWSServiceRoleForAPIGateway_id": {
                    "sensitive": false,
                    "type": "string",
                    "value": "AWSServiceRoleForAPIGateway"
                },
                "aws_iam_role_tfer--AWSServiceRoleForAWSCloud9_id": {
                    "sensitive": false,
                    "type": "string",
                    "value": "AWSServiceRoleForAWSCloud9"
                },
                "aws_iam_role_tfer--AWSServiceRoleForApplicationAutoScaling_DynamoDBTable_id": {
                    "sensitive": false,
                    "type": "string",
                    "value": "AWSServiceRoleForApplicationAutoScaling_DynamoDBTable"
                },
                "aws_iam_role_tfer--AWSServiceRoleForAutoScaling_id": {
                    "sensitive": false,
                    "type": "string",
                    "value": "AWSServiceRoleForAutoScaling"
                },
                "aws_iam_role_tfer--AWSServiceRoleForCloudFrontLogger_id": {
                    "sensitive": false,
                    "type": "string",
                    "value": "AWSServiceRoleForCloudFrontLogger"
                },
                "aws_iam_role_tfer--AWSServiceRoleForECS_id": {
                    "sensitive": false,
                    "type": "string",
                    "value": "AWSServiceRoleForECS"
                },
                "aws_iam_role_tfer--AWSServiceRoleForElastiCache_id": {
                    "sensitive": false,
                    "type": "string",
                    "value": "AWSServiceRoleForElastiCache"
                },
                "aws_iam_role_tfer--AWSServiceRoleForElasticLoadBalancing_id": {
                    "sensitive": false,
                    "type": "string",
                    "value": "AWSServiceRoleForElasticLoadBalancing"
                },
                "aws_iam_role_tfer--AWSServiceRoleForLambdaReplicator_id": {
                    "sensitive": false,
                    "type": "string",
                    "value": "AWSServiceRoleForLambdaReplicator"
                },
                "aws_iam_role_tfer--AWSServiceRoleForRDS_id": {
                    "sensitive": false,
                    "type": "string",
                    "value": "AWSServiceRoleForRDS"
                },
                "aws_iam_role_tfer--AWSServiceRoleForSupport_id": {
                    "sensitive": false,
                    "type": "string",
                    "value": "AWSServiceRoleForSupport"
                },
                "aws_iam_role_tfer--AWSServiceRoleForTrustedAdvisor_id": {
                    "sensitive": false,
                    "type": "string",
                    "value": "AWSServiceRoleForTrustedAdvisor"
                },
                "aws_iam_role_tfer--demoForum-dev-ap-northeast-2-lambdaRole_id": {
                    "sensitive": false,
                    "type": "string",
                    "value": "demoForum-dev-ap-northeast-2-lambdaRole"
                },
                "aws_iam_role_tfer--tf-demo-forum-role_id": {
                    "sensitive": false,
                    "type": "string",
                    "value": "tf-demo-forum-role"
                },
                "aws_iam_user_policy_attachment_tfer--admin_AdministratorAccess_id": {
                    "sensitive": false,
                    "type": "string",
                    "value": "admin/arn:aws:iam::aws:policy/AdministratorAccess"
                },
                "aws_iam_user_policy_attachment_tfer--admin_IAMUserChangePassword_id": {
                    "sensitive": false,
                    "type": "string",
                    "value": "admin/arn:aws:iam::aws:policy/IAMUserChangePassword"
                },
                "aws_iam_user_policy_attachment_tfer--jenkins-local_AWSBillingConductorFullAccess_id": {
                    "sensitive": false,
                    "type": "string",
                    "value": "jenkins-local/arn:aws:iam::aws:policy/AWSBillingConductorFullAccess"
                },
                "aws_iam_user_policy_attachment_tfer--jenkins-local_AdministratorAccess_id": {
                    "sensitive": false,
                    "type": "string",
                    "value": "jenkins-local/arn:aws:iam::aws:policy/AdministratorAccess"
                },
                "aws_iam_user_policy_attachment_tfer--yusanghuck_AWSBillingConductorFullAccess_id": {
                    "sensitive": false,
                    "type": "string",
                    "value": "yusanghuck/arn:aws:iam::aws:policy/AWSBillingConductorFullAccess"
                },
                "aws_iam_user_policy_attachment_tfer--yusanghuck_AdministratorAccess_id": {
                    "sensitive": false,
                    "type": "string",
                    "value": "yusanghuck/arn:aws:iam::aws:policy/AdministratorAccess"
                },
                "aws_iam_user_tfer--AIDA26L4PLD7RCAGTKVVT_id": {
                    "sensitive": false,
                    "type": "string",
                    "value": "admin"
                },
                "aws_iam_user_tfer--AIDA26L4PLD7T32BQLUL2_id": {
                    "sensitive": false,
                    "type": "string",
                    "value": "yusanghuck"
                },
                "aws_iam_user_tfer--AIDA26L4PLD7VVF5BZ7VD_id": {
                    "sensitive": false,
                    "type": "string",
                    "value": "jenkins-local"
                }
            },
            "resources": {
                "aws_iam_policy.tfer--AWSLambdaAMIExecutionRole-233107d0-47d6-44d5-b0c3-accaee12e26f": {
                    "type": "aws_iam_policy",
                    "depends_on": [],
                    "primary": {
                        "id": "arn:aws:iam::752417200383:policy/service-role/AWSLambdaAMIExecutionRole-233107d0-47d6-44d5-b0c3-accaee12e26f",
                        "attributes": {
                            "arn": "arn:aws:iam::752417200383:policy/service-role/AWSLambdaAMIExecutionRole-233107d0-47d6-44d5-b0c3-accaee12e26f",
                            "description": "",
                            "id": "arn:aws:iam::752417200383:policy/service-role/AWSLambdaAMIExecutionRole-233107d0-47d6-44d5-b0c3-accaee12e26f",
                            "name": "AWSLambdaAMIExecutionRole-233107d0-47d6-44d5-b0c3-accaee12e26f",
                            "path": "/service-role/",
                            "policy": "{\"Statement\":[{\"Action\":[\"ec2:DescribeImages\"],\"Effect\":\"Allow\",\"Resource\":\"*\"}],\"Version\":\"2012-10-17\"}",
                            "policy_id": "ANPA26L4PLD7VCCTTDXXE",
                            "tags.%": "0",
                            "tags_all.%": "0"
                        },
                        "meta": {
                            "schema_version": 0
                        },
                        "tainted": false
                    },
                    "deposed": [],
                    "provider": "provider.aws"
                },
                "aws_iam_policy.tfer--AWSLambdaBasicExecutionRole-862f3aee-8157-4e44-8ae4-21b18fcbe7dd": {
                    "type": "aws_iam_policy",
                    "depends_on": [],
                    "primary": {
                        "id": "arn:aws:iam::752417200383:policy/service-role/AWSLambdaBasicExecutionRole-862f3aee-8157-4e44-8ae4-21b18fcbe7dd",
                        "attributes": {
                            "arn": "arn:aws:iam::752417200383:policy/service-role/AWSLambdaBasicExecutionRole-862f3aee-8157-4e44-8ae4-21b18fcbe7dd",
                            "description": "",
                            "id": "arn:aws:iam::752417200383:policy/service-role/AWSLambdaBasicExecutionRole-862f3aee-8157-4e44-8ae4-21b18fcbe7dd",
                            "name": "AWSLambdaBasicExecutionRole-862f3aee-8157-4e44-8ae4-21b18fcbe7dd",
                            "path": "/service-role/",
                            "policy": "{\"Statement\":[{\"Action\":\"logs:CreateLogGroup\",\"Effect\":\"Allow\",\"Resource\":\"arn:aws:logs:ap-northeast-2:752417200383:*\"},{\"Action\":[\"logs:CreateLogStream\",\"logs:PutLogEvents\"],\"Effect\":\"Allow\",\"Resource\":[\"arn:aws:logs:ap-northeast-2:752417200383:log-group:/aws/lambda/hello-lambda-golang:*\"]}],\"Version\":\"2012-10-17\"}",
                            "policy_id": "ANPA26L4PLD7XUE4GR3WE",
                            "tags.%": "0",
                            "tags_all.%": "0"
                        },
                        "meta": {
                            "schema_version": 0
                        },
                        "tainted": false
                    },
                    "deposed": [],
                    "provider": "provider.aws"
                },
                "aws_iam_policy.tfer--AWSLambdaBasicExecutionRole-8eadf6e3-9662-47d2-bffb-03b2ccc7645d": {
                    "type": "aws_iam_policy",
                    "depends_on": [],
                    "primary": {
                        "id": "arn:aws:iam::752417200383:policy/service-role/AWSLambdaBasicExecutionRole-8eadf6e3-9662-47d2-bffb-03b2ccc7645d",
                        "attributes": {
                            "arn": "arn:aws:iam::752417200383:policy/service-role/AWSLambdaBasicExecutionRole-8eadf6e3-9662-47d2-bffb-03b2ccc7645d",
                            "description": "",
                            "id": "arn:aws:iam::752417200383:policy/service-role/AWSLambdaBasicExecutionRole-8eadf6e3-9662-47d2-bffb-03b2ccc7645d",
                            "name": "AWSLambdaBasicExecutionRole-8eadf6e3-9662-47d2-bffb-03b2ccc7645d",
                            "path": "/service-role/",
                            "policy": "{\"Statement\":[{\"Action\":\"logs:CreateLogGroup\",\"Effect\":\"Allow\",\"Resource\":\"arn:aws:logs:ap-northeast-2:752417200383:*\"},{\"Action\":[\"logs:CreateLogStream\",\"logs:PutLogEvents\"],\"Effect\":\"Allow\",\"Resource\":[\"arn:aws:logs:ap-northeast-2:752417200383:log-group:/aws/lambda/demoResizer:*\"]}],\"Version\":\"2012-10-17\"}",
                            "policy_id": "ANPA26L4PLD7S7YQZHCSL",
                            "tags.%": "0",
                            "tags_all.%": "0"
                        },
                        "meta": {
                            "schema_version": 0
                        },
                        "tainted": false
                    },
                    "deposed": [],
                    "provider": "provider.aws"
                },
                "aws_iam_policy.tfer--AWSLambdaBasicExecutionRole-952f0244-e997-4b87-b090-af517e5ca1af": {
                    "type": "aws_iam_policy",
                    "depends_on": [],
                    "primary": {
                        "id": "arn:aws:iam::752417200383:policy/service-role/AWSLambdaBasicExecutionRole-952f0244-e997-4b87-b090-af517e5ca1af",
                        "attributes": {
                            "arn": "arn:aws:iam::752417200383:policy/service-role/AWSLambdaBasicExecutionRole-952f0244-e997-4b87-b090-af517e5ca1af",
                            "description": "",
                            "id": "arn:aws:iam::752417200383:policy/service-role/AWSLambdaBasicExecutionRole-952f0244-e997-4b87-b090-af517e5ca1af",
                            "name": "AWSLambdaBasicExecutionRole-952f0244-e997-4b87-b090-af517e5ca1af",
                            "path": "/service-role/",
                            "policy": "{\"Statement\":[{\"Action\":\"logs:CreateLogGroup\",\"Effect\":\"Allow\",\"Resource\":\"arn:aws:logs:ap-northeast-2:752417200383:*\"},{\"Action\":[\"logs:CreateLogStream\",\"logs:PutLogEvents\"],\"Effect\":\"Allow\",\"Resource\":[\"arn:aws:logs:ap-northeast-2:752417200383:log-group:/aws/lambda/test:*\"]}],\"Version\":\"2012-10-17\"}",
                            "policy_id": "ANPA26L4PLD7TGZGQQKCZ",
                            "tags.%": "0",
                            "tags_all.%": "0"
                        },
                        "meta": {
                            "schema_version": 0
                        },
                        "tainted": false
                    },
                    "deposed": [],
                    "provider": "provider.aws"
                },
                "aws_iam_policy.tfer--AWSLambdaBasicExecutionRole-ab994e3d-750d-4b74-96ef-54c43fe5c424": {
                    "type": "aws_iam_policy",
                    "depends_on": [],
                    "primary": {
                        "id": "arn:aws:iam::752417200383:policy/service-role/AWSLambdaBasicExecutionRole-ab994e3d-750d-4b74-96ef-54c43fe5c424",
                        "attributes": {
                            "arn": "arn:aws:iam::752417200383:policy/service-role/AWSLambdaBasicExecutionRole-ab994e3d-750d-4b74-96ef-54c43fe5c424",
                            "description": "",
                            "id": "arn:aws:iam::752417200383:policy/service-role/AWSLambdaBasicExecutionRole-ab994e3d-750d-4b74-96ef-54c43fe5c424",
                            "name": "AWSLambdaBasicExecutionRole-ab994e3d-750d-4b74-96ef-54c43fe5c424",
                            "path": "/service-role/",
                            "policy": "{\"Statement\":[{\"Action\":\"logs:CreateLogGroup\",\"Effect\":\"Allow\",\"Resource\":\"arn:aws:logs:ap-northeast-2:752417200383:*\"},{\"Action\":[\"logs:CreateLogStream\",\"logs:PutLogEvents\"],\"Effect\":\"Allow\",\"Resource\":[\"arn:aws:logs:ap-northeast-2:752417200383:log-group:/aws/lambda/FunctionName-HellowWorldPython:*\"]}],\"Version\":\"2012-10-17\"}",
                            "policy_id": "ANPA26L4PLD72TCLVXRUG",
                            "tags.%": "0",
                            "tags_all.%": "0"
                        },
                        "meta": {
                            "schema_version": 0
                        },
                        "tainted": false
                    },
                    "deposed": [],
                    "provider": "provider.aws"
                },
                "aws_iam_policy.tfer--AWSLambdaBasicExecutionRole-b834034d-afb0-4b2a-bd8b-fc86839a6544": {
                    "type": "aws_iam_policy",
                    "depends_on": [],
                    "primary": {
                        "id": "arn:aws:iam::752417200383:policy/service-role/AWSLambdaBasicExecutionRole-b834034d-afb0-4b2a-bd8b-fc86839a6544",
                        "attributes": {
                            "arn": "arn:aws:iam::752417200383:policy/service-role/AWSLambdaBasicExecutionRole-b834034d-afb0-4b2a-bd8b-fc86839a6544",
                            "description": "",
                            "id": "arn:aws:iam::752417200383:policy/service-role/AWSLambdaBasicExecutionRole-b834034d-afb0-4b2a-bd8b-fc86839a6544",
                            "name": "AWSLambdaBasicExecutionRole-b834034d-afb0-4b2a-bd8b-fc86839a6544",
                            "path": "/service-role/",
                            "policy": "{\"Statement\":[{\"Action\":\"logs:CreateLogGroup\",\"Effect\":\"Allow\",\"Resource\":\"arn:aws:logs:ap-northeast-2:752417200383:*\"},{\"Action\":[\"logs:CreateLogStream\",\"logs:PutLogEvents\"],\"Effect\":\"Allow\",\"Resource\":[\"arn:aws:logs:ap-northeast-2:752417200383:log-group:/aws/lambda/my-demo:*\"]}],\"Version\":\"2012-10-17\"}",
                            "policy_id": "ANPA26L4PLD7UVVKIWFLO",
                            "tags.%": "0",
                            "tags_all.%": "0"
                        },
                        "meta": {
                            "schema_version": 0
                        },
                        "tainted": false
                    },
                    "deposed": [],
                    "provider": "provider.aws"
                },
                "aws_iam_policy.tfer--AWSLambdaBasicExecutionRole-c926a223-f0bb-4ab3-9794-a1f0f4470f75": {
                    "type": "aws_iam_policy",
                    "depends_on": [],
                    "primary": {
                        "id": "arn:aws:iam::752417200383:policy/service-role/AWSLambdaBasicExecutionRole-c926a223-f0bb-4ab3-9794-a1f0f4470f75",
                        "attributes": {
                            "arn": "arn:aws:iam::752417200383:policy/service-role/AWSLambdaBasicExecutionRole-c926a223-f0bb-4ab3-9794-a1f0f4470f75",
                            "description": "",
                            "id": "arn:aws:iam::752417200383:policy/service-role/AWSLambdaBasicExecutionRole-c926a223-f0bb-4ab3-9794-a1f0f4470f75",
                            "name": "AWSLambdaBasicExecutionRole-c926a223-f0bb-4ab3-9794-a1f0f4470f75",
                            "path": "/service-role/",
                            "policy": "{\"Statement\":[{\"Action\":\"logs:CreateLogGroup\",\"Effect\":\"Allow\",\"Resource\":\"arn:aws:logs:ap-northeast-2:752417200383:*\"},{\"Action\":[\"logs:CreateLogStream\",\"logs:PutLogEvents\"],\"Effect\":\"Allow\",\"Resource\":[\"arn:aws:logs:ap-northeast-2:752417200383:log-group:/aws/lambda/hello-lambda-nodejs:*\"]}],\"Version\":\"2012-10-17\"}",
                            "policy_id": "ANPA26L4PLD75ZPFVSCP7",
                            "tags.%": "0",
                            "tags_all.%": "0"
                        },
                        "meta": {
                            "schema_version": 0
                        },
                        "tainted": false
                    },
                    "deposed": [],
                    "provider": "provider.aws"
                },
                "aws_iam_policy.tfer--AWSLambdaBasicExecutionRole-d64a8c48-e35a-4847-b242-f3736ef477d2": {
                    "type": "aws_iam_policy",
                    "depends_on": [],
                    "primary": {
                        "id": "arn:aws:iam::752417200383:policy/service-role/AWSLambdaBasicExecutionRole-d64a8c48-e35a-4847-b242-f3736ef477d2",
                        "attributes": {
                            "arn": "arn:aws:iam::752417200383:policy/service-role/AWSLambdaBasicExecutionRole-d64a8c48-e35a-4847-b242-f3736ef477d2",
                            "description": "",
                            "id": "arn:aws:iam::752417200383:policy/service-role/AWSLambdaBasicExecutionRole-d64a8c48-e35a-4847-b242-f3736ef477d2",
                            "name": "AWSLambdaBasicExecutionRole-d64a8c48-e35a-4847-b242-f3736ef477d2",
                            "path": "/service-role/",
                            "policy": "{\"Statement\":[{\"Action\":\"logs:CreateLogGroup\",\"Effect\":\"Allow\",\"Resource\":\"arn:aws:logs:ap-northeast-2:752417200383:*\"},{\"Action\":[\"logs:CreateLogStream\",\"logs:PutLogEvents\"],\"Effect\":\"Allow\",\"Resource\":[\"arn:aws:logs:ap-northeast-2:752417200383:log-group:/aws/lambda/hello-lambda-csharp:*\"]}],\"Version\":\"2012-10-17\"}",
                            "policy_id": "ANPA26L4PLD7SIPKRQSHW",
                            "tags.%": "0",
                            "tags_all.%": "0"
                        },
                        "meta": {
                            "schema_version": 0
                        },
                        "tainted": false
                    },
                    "deposed": [],
                    "provider": "provider.aws"
                },
                "aws_iam_policy.tfer--AWSLambdaBasicExecutionRole-dc0a5d3a-41d6-4771-95ad-6e948cb2592f": {
                    "type": "aws_iam_policy",
                    "depends_on": [],
                    "primary": {
                        "id": "arn:aws:iam::752417200383:policy/service-role/AWSLambdaBasicExecutionRole-dc0a5d3a-41d6-4771-95ad-6e948cb2592f",
                        "attributes": {
                            "arn": "arn:aws:iam::752417200383:policy/service-role/AWSLambdaBasicExecutionRole-dc0a5d3a-41d6-4771-95ad-6e948cb2592f",
                            "description": "",
                            "id": "arn:aws:iam::752417200383:policy/service-role/AWSLambdaBasicExecutionRole-dc0a5d3a-41d6-4771-95ad-6e948cb2592f",
                            "name": "AWSLambdaBasicExecutionRole-dc0a5d3a-41d6-4771-95ad-6e948cb2592f",
                            "path": "/service-role/",
                            "policy": "{\"Statement\":[{\"Action\":\"logs:CreateLogGroup\",\"Effect\":\"Allow\",\"Resource\":\"arn:aws:logs:ap-northeast-2:752417200383:*\"},{\"Action\":[\"logs:CreateLogStream\",\"logs:PutLogEvents\"],\"Effect\":\"Allow\",\"Resource\":[\"arn:aws:logs:ap-northeast-2:752417200383:log-group:/aws/lambda/s:*\"]}],\"Version\":\"2012-10-17\"}",
                            "policy_id": "ANPA26L4PLD74BITQMSW3",
                            "tags.%": "0",
                            "tags_all.%": "0"
                        },
                        "meta": {
                            "schema_version": 0
                        },
                        "tainted": false
                    },
                    "deposed": [],
                    "provider": "provider.aws"
                },
                "aws_iam_policy.tfer--AWSLambdaBasicExecutionRole-f4882310-8204-4908-80f3-0f57e787f33f": {
                    "type": "aws_iam_policy",
                    "depends_on": [],
                    "primary": {
                        "id": "arn:aws:iam::752417200383:policy/service-role/AWSLambdaBasicExecutionRole-f4882310-8204-4908-80f3-0f57e787f33f",
                        "attributes": {
                            "arn": "arn:aws:iam::752417200383:policy/service-role/AWSLambdaBasicExecutionRole-f4882310-8204-4908-80f3-0f57e787f33f",
                            "description": "",
                            "id": "arn:aws:iam::752417200383:policy/service-role/AWSLambdaBasicExecutionRole-f4882310-8204-4908-80f3-0f57e787f33f",
                            "name": "AWSLambdaBasicExecutionRole-f4882310-8204-4908-80f3-0f57e787f33f",
                            "path": "/service-role/",
                            "policy": "{\"Statement\":[{\"Action\":\"logs:CreateLogGroup\",\"Effect\":\"Allow\",\"Resource\":\"arn:aws:logs:ap-northeast-2:752417200383:*\"},{\"Action\":[\"logs:CreateLogStream\",\"logs:PutLogEvents\"],\"Effect\":\"Allow\",\"Resource\":[\"arn:aws:logs:ap-northeast-2:752417200383:log-group:/aws/lambda/s:*\"]}],\"Version\":\"2012-10-17\"}",
                            "policy_id": "ANPA26L4PLD7RP7D3IKJK",
                            "tags.%": "0",
                            "tags_all.%": "0"
                        },
                        "meta": {
                            "schema_version": 0
                        },
                        "tainted": false
                    },
                    "deposed": [],
                    "provider": "provider.aws"
                },
                "aws_iam_policy.tfer--AWSLambdaEdgeExecutionRole-1966e8cc-bf49-41c8-83ec-946b155503a7": {
                    "type": "aws_iam_policy",
                    "depends_on": [],
                    "primary": {
                        "id": "arn:aws:iam::752417200383:policy/service-role/AWSLambdaEdgeExecutionRole-1966e8cc-bf49-41c8-83ec-946b155503a7",
                        "attributes": {
                            "arn": "arn:aws:iam::752417200383:policy/service-role/AWSLambdaEdgeExecutionRole-1966e8cc-bf49-41c8-83ec-946b155503a7",
                            "description": "",
                            "id": "arn:aws:iam::752417200383:policy/service-role/AWSLambdaEdgeExecutionRole-1966e8cc-bf49-41c8-83ec-946b155503a7",
                            "name": "AWSLambdaEdgeExecutionRole-1966e8cc-bf49-41c8-83ec-946b155503a7",
                            "path": "/service-role/",
                            "policy": "{\"Statement\":[{\"Action\":[\"logs:CreateLogGroup\",\"logs:CreateLogStream\",\"logs:PutLogEvents\"],\"Effect\":\"Allow\",\"Resource\":[\"arn:aws:logs:*:*:*\"]}],\"Version\":\"2012-10-17\"}",
                            "policy_id": "ANPA26L4PLD7YJBRW3GHR",
                            "tags.%": "0",
                            "tags_all.%": "0"
                        },
                        "meta": {
                            "schema_version": 0
                        },
                        "tainted": false
                    },
                    "deposed": [],
                    "provider": "provider.aws"
                },
                "aws_iam_policy.tfer--AWSLambdaEdgeExecutionRole-3d407cd8-7f92-4c5e-89cc-dee8525c3931": {
                    "type": "aws_iam_policy",
                    "depends_on": [],
                    "primary": {
                        "id": "arn:aws:iam::752417200383:policy/service-role/AWSLambdaEdgeExecutionRole-3d407cd8-7f92-4c5e-89cc-dee8525c3931",
                        "attributes": {
                            "arn": "arn:aws:iam::752417200383:policy/service-role/AWSLambdaEdgeExecutionRole-3d407cd8-7f92-4c5e-89cc-dee8525c3931",
                            "description": "",
                            "id": "arn:aws:iam::752417200383:policy/service-role/AWSLambdaEdgeExecutionRole-3d407cd8-7f92-4c5e-89cc-dee8525c3931",
                            "name": "AWSLambdaEdgeExecutionRole-3d407cd8-7f92-4c5e-89cc-dee8525c3931",
                            "path": "/service-role/",
                            "policy": "{\"Statement\":[{\"Action\":[\"logs:CreateLogGroup\",\"logs:CreateLogStream\",\"logs:PutLogEvents\"],\"Effect\":\"Allow\",\"Resource\":[\"arn:aws:logs:*:*:*\"]}],\"Version\":\"2012-10-17\"}",
                            "policy_id": "ANPA26L4PLD7UKD2T4VYR",
                            "tags.%": "0",
                            "tags_all.%": "0"
                        },
                        "meta": {
                            "schema_version": 0
                        },
                        "tainted": false
                    },
                    "deposed": [],
                    "provider": "provider.aws"
                },
                "aws_iam_policy.tfer--AWSLambdaEdgeExecutionRole-5568d390-8e89-48ff-be90-66f40a387ec7": {
                    "type": "aws_iam_policy",
                    "depends_on": [],
                    "primary": {
                        "id": "arn:aws:iam::752417200383:policy/service-role/AWSLambdaEdgeExecutionRole-5568d390-8e89-48ff-be90-66f40a387ec7",
                        "attributes": {
                            "arn": "arn:aws:iam::752417200383:policy/service-role/AWSLambdaEdgeExecutionRole-5568d390-8e89-48ff-be90-66f40a387ec7",
                            "description": "",
                            "id": "arn:aws:iam::752417200383:policy/service-role/AWSLambdaEdgeExecutionRole-5568d390-8e89-48ff-be90-66f40a387ec7",
                            "name": "AWSLambdaEdgeExecutionRole-5568d390-8e89-48ff-be90-66f40a387ec7",
                            "path": "/service-role/",
                            "policy": "{\"Statement\":[{\"Action\":[\"logs:CreateLogGroup\",\"logs:CreateLogStream\",\"logs:PutLogEvents\"],\"Effect\":\"Allow\",\"Resource\":[\"arn:aws:logs:*:*:*\"]}],\"Version\":\"2012-10-17\"}",
                            "policy_id": "ANPA26L4PLD74KK2BVMQF",
                            "tags.%": "0",
                            "tags_all.%": "0"
                        },
                        "meta": {
                            "schema_version": 0
                        },
                        "tainted": false
                    },
                    "deposed": [],
                    "provider": "provider.aws"
                },
                "aws_iam_policy.tfer--AWSLambdaEdgeExecutionRole-cf4b3851-f67a-4403-a4e0-2854e6830187": {
                    "type": "aws_iam_policy",
                    "depends_on": [],
                    "primary": {
                        "id": "arn:aws:iam::752417200383:policy/service-role/AWSLambdaEdgeExecutionRole-cf4b3851-f67a-4403-a4e0-2854e6830187",
                        "attributes": {
                            "arn": "arn:aws:iam::752417200383:policy/service-role/AWSLambdaEdgeExecutionRole-cf4b3851-f67a-4403-a4e0-2854e6830187",
                            "description": "",
                            "id": "arn:aws:iam::752417200383:policy/service-role/AWSLambdaEdgeExecutionRole-cf4b3851-f67a-4403-a4e0-2854e6830187",
                            "name": "AWSLambdaEdgeExecutionRole-cf4b3851-f67a-4403-a4e0-2854e6830187",
                            "path": "/service-role/",
                            "policy": "{\"Statement\":[{\"Action\":[\"logs:CreateLogGroup\",\"logs:CreateLogStream\",\"logs:PutLogEvents\"],\"Effect\":\"Allow\",\"Resource\":[\"arn:aws:logs:*:*:*\"]}],\"Version\":\"2012-10-17\"}",
                            "policy_id": "ANPAIEKQSTCVW2IUTZA5O",
                            "tags.%": "0",
                            "tags_all.%": "0"
                        },
                        "meta": {
                            "schema_version": 0
                        },
                        "tainted": false
                    },
                    "deposed": [],
                    "provider": "provider.aws"
                },
                "aws_iam_policy.tfer--AWSLambdaTracerAccessExecutionRole-e39cbd3d-752c-4c6e-87b1-d35f293a1bd3": {
                    "type": "aws_iam_policy",
                    "depends_on": [],
                    "primary": {
                        "id": "arn:aws:iam::752417200383:policy/service-role/AWSLambdaTracerAccessExecutionRole-e39cbd3d-752c-4c6e-87b1-d35f293a1bd3",
                        "attributes": {
                            "arn": "arn:aws:iam::752417200383:policy/service-role/AWSLambdaTracerAccessExecutionRole-e39cbd3d-752c-4c6e-87b1-d35f293a1bd3",
                            "description": "",
                            "id": "arn:aws:iam::752417200383:policy/service-role/AWSLambdaTracerAccessExecutionRole-e39cbd3d-752c-4c6e-87b1-d35f293a1bd3",
                            "name": "AWSLambdaTracerAccessExecutionRole-e39cbd3d-752c-4c6e-87b1-d35f293a1bd3",
                            "path": "/service-role/",
                            "policy": "{\"Statement\":{\"Action\":[\"xray:PutTraceSegments\",\"xray:PutTelemetryRecords\"],\"Effect\":\"Allow\",\"Resource\":[\"*\"]},\"Version\":\"2012-10-17\"}",
                            "policy_id": "ANPA26L4PLD7WG6IMMLXE",
                            "tags.%": "0",
                            "tags_all.%": "0"
                        },
                        "meta": {
                            "schema_version": 0
                        },
                        "tainted": false
                    },
                    "deposed": [],
                    "provider": "provider.aws"
                },
                "aws_iam_policy.tfer--demo_resizer_lambda_policy": {
                    "type": "aws_iam_policy",
                    "depends_on": [],
                    "primary": {
                        "id": "arn:aws:iam::752417200383:policy/demo_resizer_lambda_policy",
                        "attributes": {
                            "arn": "arn:aws:iam::752417200383:policy/demo_resizer_lambda_policy",
                            "description": "",
                            "id": "arn:aws:iam::752417200383:policy/demo_resizer_lambda_policy",
                            "name": "demo_resizer_lambda_policy",
                            "path": "/",
                            "policy": "{\"Statement\":[{\"Action\":[\"iam:CreateServiceLinkedRole\",\"lambda:GetFunction\",\"lambda:EnableReplication\",\"cloudfront:UpdateDistribution\",\"s3:GetObject\",\"logs:CreateLogGroup\",\"logs:CreateLogStream\",\"logs:PutLogEvents\",\"logs:DescribeLogStreams\"],\"Effect\":\"Allow\",\"Resource\":\"*\",\"Sid\":\"VisualEditor0\"}],\"Version\":\"2012-10-17\"}",
                            "policy_id": "ANPA26L4PLD72BPGVKNX3",
                            "tags.%": "0",
                            "tags_all.%": "0"
                        },
                        "meta": {
                            "schema_version": 0
                        },
                        "tainted": false
                    },
                    "deposed": [],
                    "provider": "provider.aws"
                },
                "aws_iam_role.tfer--AWSServiceRoleForAPIGateway": {
                    "type": "aws_iam_role",
                    "depends_on": [],
                    "primary": {
                        "id": "AWSServiceRoleForAPIGateway",
                        "attributes": {
                            "arn": "arn:aws:iam::752417200383:role/aws-service-role/ops.apigateway.amazonaws.com/AWSServiceRoleForAPIGateway",
                            "assume_role_policy": "{\"Statement\":[{\"Action\":\"sts:AssumeRole\",\"Effect\":\"Allow\",\"Principal\":{\"Service\":\"ops.apigateway.amazonaws.com\"}}],\"Version\":\"2012-10-17\"}",
                            "create_date": "2020-09-28T09:03:57Z",
                            "description": "The Service Linked Role is used by Amazon API Gateway.",
                            "id": "AWSServiceRoleForAPIGateway",
                            "managed_policy_arns.#": "1",
                            "managed_policy_arns.0": "arn:aws:iam::aws:policy/aws-service-role/APIGatewayServiceRolePolicy",
                            "max_session_duration": "3600",
                            "name": "AWSServiceRoleForAPIGateway",
                            "name_prefix": "",
                            "path": "/aws-service-role/ops.apigateway.amazonaws.com/",
                            "tags.%": "0",
                            "tags_all.%": "0",
                            "unique_id": "AROA26L4PLD76OWEKUGSF"
                        },
                        "meta": {
                            "schema_version": 0
                        },
                        "tainted": false
                    },
                    "deposed": [],
                    "provider": "provider.aws"
                },
                "aws_iam_role.tfer--AWSServiceRoleForAWSCloud9": {
                    "type": "aws_iam_role",
                    "depends_on": [],
                    "primary": {
                        "id": "AWSServiceRoleForAWSCloud9",
                        "attributes": {
                            "arn": "arn:aws:iam::752417200383:role/aws-service-role/cloud9.amazonaws.com/AWSServiceRoleForAWSCloud9",
                            "assume_role_policy": "{\"Statement\":[{\"Action\":\"sts:AssumeRole\",\"Effect\":\"Allow\",\"Principal\":{\"Service\":\"cloud9.amazonaws.com\"}}],\"Version\":\"2012-10-17\"}",
                            "create_date": "2019-03-06T01:34:08Z",
                            "description": "Service linked role for AWS Cloud9",
                            "id": "AWSServiceRoleForAWSCloud9",
                            "managed_policy_arns.#": "1",
                            "managed_policy_arns.0": "arn:aws:iam::aws:policy/aws-service-role/AWSCloud9ServiceRolePolicy",
                            "max_session_duration": "3600",
                            "name": "AWSServiceRoleForAWSCloud9",
                            "name_prefix": "",
                            "path": "/aws-service-role/cloud9.amazonaws.com/",
                            "tags.%": "0",
                            "tags_all.%": "0",
                            "unique_id": "AROAIBZ53DCMVL3DAPL7W"
                        },
                        "meta": {
                            "schema_version": 0
                        },
                        "tainted": false
                    },
                    "deposed": [],
                    "provider": "provider.aws"
                },
                "aws_iam_role.tfer--AWSServiceRoleForApplicationAutoScaling_DynamoDBTable": {
                    "type": "aws_iam_role",
                    "depends_on": [],
                    "primary": {
                        "id": "AWSServiceRoleForApplicationAutoScaling_DynamoDBTable",
                        "attributes": {
                            "arn": "arn:aws:iam::752417200383:role/aws-service-role/dynamodb.application-autoscaling.amazonaws.com/AWSServiceRoleForApplicationAutoScaling_DynamoDBTable",
                            "assume_role_policy": "{\"Statement\":[{\"Action\":\"sts:AssumeRole\",\"Effect\":\"Allow\",\"Principal\":{\"Service\":\"dynamodb.application-autoscaling.amazonaws.com\"}}],\"Version\":\"2012-10-17\"}",
                            "create_date": "2021-09-17T07:42:50Z",
                            "description": "",
                            "id": "AWSServiceRoleForApplicationAutoScaling_DynamoDBTable",
                            "managed_policy_arns.#": "1",
                            "managed_policy_arns.0": "arn:aws:iam::aws:policy/aws-service-role/AWSApplicationAutoscalingDynamoDBTablePolicy",
                            "max_session_duration": "3600",
                            "name": "AWSServiceRoleForApplicationAutoScaling_DynamoDBTable",
                            "name_prefix": "",
                            "path": "/aws-service-role/dynamodb.application-autoscaling.amazonaws.com/",
                            "tags.%": "0",
                            "tags_all.%": "0",
                            "unique_id": "AROA26L4PLD7S2ZMZXRO5"
                        },
                        "meta": {
                            "schema_version": 0
                        },
                        "tainted": false
                    },
                    "deposed": [],
                    "provider": "provider.aws"
                },
                "aws_iam_role.tfer--AWSServiceRoleForAutoScaling": {
                    "type": "aws_iam_role",
                    "depends_on": [],
                    "primary": {
                        "id": "AWSServiceRoleForAutoScaling",
                        "attributes": {
                            "arn": "arn:aws:iam::752417200383:role/aws-service-role/autoscaling.amazonaws.com/AWSServiceRoleForAutoScaling",
                            "assume_role_policy": "{\"Statement\":[{\"Action\":\"sts:AssumeRole\",\"Effect\":\"Allow\",\"Principal\":{\"Service\":\"autoscaling.amazonaws.com\"}}],\"Version\":\"2012-10-17\"}",
                            "create_date": "2019-03-25T11:02:19Z",
                            "description": "Default Service-Linked Role enables access to AWS Services and Resources used or managed by Auto Scaling",
                            "id": "AWSServiceRoleForAutoScaling",
                            "managed_policy_arns.#": "1",
                            "managed_policy_arns.0": "arn:aws:iam::aws:policy/aws-service-role/AutoScalingServiceRolePolicy",
                            "max_session_duration": "3600",
                            "name": "AWSServiceRoleForAutoScaling",
                            "name_prefix": "",
                            "path": "/aws-service-role/autoscaling.amazonaws.com/",
                            "tags.%": "0",
                            "tags_all.%": "0",
                            "unique_id": "AROAJIUANALER6D43IAZY"
                        },
                        "meta": {
                            "schema_version": 0
                        },
                        "tainted": false
                    },
                    "deposed": [],
                    "provider": "provider.aws"
                },
                "aws_iam_role.tfer--AWSServiceRoleForCloudFrontLogger": {
                    "type": "aws_iam_role",
                    "depends_on": [],
                    "primary": {
                        "id": "AWSServiceRoleForCloudFrontLogger",
                        "attributes": {
                            "arn": "arn:aws:iam::752417200383:role/aws-service-role/logger.cloudfront.amazonaws.com/AWSServiceRoleForCloudFrontLogger",
                            "assume_role_policy": "{\"Statement\":[{\"Action\":\"sts:AssumeRole\",\"Effect\":\"Allow\",\"Principal\":{\"Service\":\"logger.cloudfront.amazonaws.com\"}}],\"Version\":\"2012-10-17\"}",
                            "create_date": "2021-11-30T16:07:59Z",
                            "description": "",
                            "id": "AWSServiceRoleForCloudFrontLogger",
                            "managed_policy_arns.#": "1",
                            "managed_policy_arns.0": "arn:aws:iam::aws:policy/aws-service-role/AWSCloudFrontLogger",
                            "max_session_duration": "3600",
                            "name": "AWSServiceRoleForCloudFrontLogger",
                            "name_prefix": "",
                            "path": "/aws-service-role/logger.cloudfront.amazonaws.com/",
                            "tags.%": "0",
                            "tags_all.%": "0",
                            "unique_id": "AROA26L4PLD7TFVFASZZC"
                        },
                        "meta": {
                            "schema_version": 0
                        },
                        "tainted": false
                    },
                    "deposed": [],
                    "provider": "provider.aws"
                },
                "aws_iam_role.tfer--AWSServiceRoleForECS": {
                    "type": "aws_iam_role",
                    "depends_on": [],
                    "primary": {
                        "id": "AWSServiceRoleForECS",
                        "attributes": {
                            "arn": "arn:aws:iam::752417200383:role/aws-service-role/ecs.amazonaws.com/AWSServiceRoleForECS",
                            "assume_role_policy": "{\"Statement\":[{\"Action\":\"sts:AssumeRole\",\"Effect\":\"Allow\",\"Principal\":{\"Service\":\"ecs.amazonaws.com\"}}],\"Version\":\"2012-10-17\"}",
                            "create_date": "2019-05-28T07:03:38Z",
                            "description": "Role to enable Amazon ECS to manage your cluster.",
                            "id": "AWSServiceRoleForECS",
                            "managed_policy_arns.#": "1",
                            "managed_policy_arns.0": "arn:aws:iam::aws:policy/aws-service-role/AmazonECSServiceRolePolicy",
                            "max_session_duration": "3600",
                            "name": "AWSServiceRoleForECS",
                            "name_prefix": "",
                            "path": "/aws-service-role/ecs.amazonaws.com/",
                            "tags.%": "0",
                            "tags_all.%": "0",
                            "unique_id": "AROA26L4PLD7XC4LI5BVS"
                        },
                        "meta": {
                            "schema_version": 0
                        },
                        "tainted": false
                    },
                    "deposed": [],
                    "provider": "provider.aws"
                },
                "aws_iam_role.tfer--AWSServiceRoleForElastiCache": {
                    "type": "aws_iam_role",
                    "depends_on": [],
                    "primary": {
                        "id": "AWSServiceRoleForElastiCache",
                        "attributes": {
                            "arn": "arn:aws:iam::752417200383:role/aws-service-role/elasticache.amazonaws.com/AWSServiceRoleForElastiCache",
                            "assume_role_policy": "{\"Statement\":[{\"Action\":\"sts:AssumeRole\",\"Effect\":\"Allow\",\"Principal\":{\"Service\":\"elasticache.amazonaws.com\"}}],\"Version\":\"2012-10-17\"}",
                            "create_date": "2019-07-27T12:43:18Z",
                            "description": "This policy allows ElastiCache to manage AWS resources on your behalf as necessary for managing your cache.",
                            "id": "AWSServiceRoleForElastiCache",
                            "managed_policy_arns.#": "1",
                            "managed_policy_arns.0": "arn:aws:iam::aws:policy/aws-service-role/ElastiCacheServiceRolePolicy",
                            "max_session_duration": "3600",
                            "name": "AWSServiceRoleForElastiCache",
                            "name_prefix": "",
                            "path": "/aws-service-role/elasticache.amazonaws.com/",
                            "tags.%": "0",
                            "tags_all.%": "0",
                            "unique_id": "AROA26L4PLD73YYTAHHDX"
                        },
                        "meta": {
                            "schema_version": 0
                        },
                        "tainted": false
                    },
                    "deposed": [],
                    "provider": "provider.aws"
                },
                "aws_iam_role.tfer--AWSServiceRoleForElasticLoadBalancing": {
                    "type": "aws_iam_role",
                    "depends_on": [],
                    "primary": {
                        "id": "AWSServiceRoleForElasticLoadBalancing",
                        "attributes": {
                            "arn": "arn:aws:iam::752417200383:role/aws-service-role/elasticloadbalancing.amazonaws.com/AWSServiceRoleForElasticLoadBalancing",
                            "assume_role_policy": "{\"Statement\":[{\"Action\":\"sts:AssumeRole\",\"Effect\":\"Allow\",\"Principal\":{\"Service\":\"elasticloadbalancing.amazonaws.com\"}}],\"Version\":\"2012-10-17\"}",
                            "create_date": "2019-05-28T06:51:16Z",
                            "description": "Allows ELB to call AWS services on your behalf.",
                            "id": "AWSServiceRoleForElasticLoadBalancing",
                            "managed_policy_arns.#": "1",
                            "managed_policy_arns.0": "arn:aws:iam::aws:policy/aws-service-role/AWSElasticLoadBalancingServiceRolePolicy",
                            "max_session_duration": "3600",
                            "name": "AWSServiceRoleForElasticLoadBalancing",
                            "name_prefix": "",
                            "path": "/aws-service-role/elasticloadbalancing.amazonaws.com/",
                            "tags.%": "0",
                            "tags_all.%": "0",
                            "unique_id": "AROA26L4PLD7UBLDSN66W"
                        },
                        "meta": {
                            "schema_version": 0
                        },
                        "tainted": false
                    },
                    "deposed": [],
                    "provider": "provider.aws"
                },
                "aws_iam_role.tfer--AWSServiceRoleForLambdaReplicator": {
                    "type": "aws_iam_role",
                    "depends_on": [],
                    "primary": {
                        "id": "AWSServiceRoleForLambdaReplicator",
                        "attributes": {
                            "arn": "arn:aws:iam::752417200383:role/aws-service-role/replicator.lambda.amazonaws.com/AWSServiceRoleForLambdaReplicator",
                            "assume_role_policy": "{\"Statement\":[{\"Action\":\"sts:AssumeRole\",\"Effect\":\"Allow\",\"Principal\":{\"Service\":\"replicator.lambda.amazonaws.com\"}}],\"Version\":\"2012-10-17\"}",
                            "create_date": "2021-11-30T16:07:59Z",
                            "description": "",
                            "id": "AWSServiceRoleForLambdaReplicator",
                            "managed_policy_arns.#": "1",
                            "managed_policy_arns.0": "arn:aws:iam::aws:policy/aws-service-role/AWSLambdaReplicator",
                            "max_session_duration": "3600",
                            "name": "AWSServiceRoleForLambdaReplicator",
                            "name_prefix": "",
                            "path": "/aws-service-role/replicator.lambda.amazonaws.com/",
                            "tags.%": "0",
                            "tags_all.%": "0",
                            "unique_id": "AROA26L4PLD75GISRTFDK"
                        },
                        "meta": {
                            "schema_version": 0
                        },
                        "tainted": false
                    },
                    "deposed": [],
                    "provider": "provider.aws"
                },
                "aws_iam_role.tfer--AWSServiceRoleForRDS": {
                    "type": "aws_iam_role",
                    "depends_on": [],
                    "primary": {
                        "id": "AWSServiceRoleForRDS",
                        "attributes": {
                            "arn": "arn:aws:iam::752417200383:role/aws-service-role/rds.amazonaws.com/AWSServiceRoleForRDS",
                            "assume_role_policy": "{\"Statement\":[{\"Action\":\"sts:AssumeRole\",\"Effect\":\"Allow\",\"Principal\":{\"Service\":\"rds.amazonaws.com\"}}],\"Version\":\"2012-10-17\"}",
                            "create_date": "2019-05-21T07:32:02Z",
                            "description": "Allows Amazon RDS to manage AWS resources on your behalf",
                            "id": "AWSServiceRoleForRDS",
                            "managed_policy_arns.#": "1",
                            "managed_policy_arns.0": "arn:aws:iam::aws:policy/aws-service-role/AmazonRDSServiceRolePolicy",
                            "max_session_duration": "3600",
                            "name": "AWSServiceRoleForRDS",
                            "name_prefix": "",
                            "path": "/aws-service-role/rds.amazonaws.com/",
                            "tags.%": "0",
                            "tags_all.%": "0",
                            "unique_id": "AROA26L4PLD77KKN372AX"
                        },
                        "meta": {
                            "schema_version": 0
                        },
                        "tainted": false
                    },
                    "deposed": [],
                    "provider": "provider.aws"
                },
                "aws_iam_role.tfer--AWSServiceRoleForSupport": {
                    "type": "aws_iam_role",
                    "depends_on": [],
                    "primary": {
                        "id": "AWSServiceRoleForSupport",
                        "attributes": {
                            "arn": "arn:aws:iam::752417200383:role/aws-service-role/support.amazonaws.com/AWSServiceRoleForSupport",
                            "assume_role_policy": "{\"Statement\":[{\"Action\":\"sts:AssumeRole\",\"Effect\":\"Allow\",\"Principal\":{\"Service\":\"support.amazonaws.com\"}}],\"Version\":\"2012-10-17\"}",
                            "create_date": "2019-02-01T03:56:20Z",
                            "description": "Enables resource access for AWS to provide billing, administrative and support services",
                            "id": "AWSServiceRoleForSupport",
                            "managed_policy_arns.#": "1",
                            "managed_policy_arns.0": "arn:aws:iam::aws:policy/aws-service-role/AWSSupportServiceRolePolicy",
                            "max_session_duration": "3600",
                            "name": "AWSServiceRoleForSupport",
                            "name_prefix": "",
                            "path": "/aws-service-role/support.amazonaws.com/",
                            "tags.%": "0",
                            "tags_all.%": "0",
                            "unique_id": "AROAJ7PXAMBW7BQWJJHQG"
                        },
                        "meta": {
                            "schema_version": 0
                        },
                        "tainted": false
                    },
                    "deposed": [],
                    "provider": "provider.aws"
                },
                "aws_iam_role.tfer--AWSServiceRoleForTrustedAdvisor": {
                    "type": "aws_iam_role",
                    "depends_on": [],
                    "primary": {
                        "id": "AWSServiceRoleForTrustedAdvisor",
                        "attributes": {
                            "arn": "arn:aws:iam::752417200383:role/aws-service-role/trustedadvisor.amazonaws.com/AWSServiceRoleForTrustedAdvisor",
                            "assume_role_policy": "{\"Statement\":[{\"Action\":\"sts:AssumeRole\",\"Effect\":\"Allow\",\"Principal\":{\"Service\":\"trustedadvisor.amazonaws.com\"}}],\"Version\":\"2012-10-17\"}",
                            "create_date": "2019-02-01T03:56:20Z",
                            "description": "Access for the AWS Trusted Advisor Service to help reduce cost, increase performance, and improve security of your AWS environment.",
                            "id": "AWSServiceRoleForTrustedAdvisor",
                            "managed_policy_arns.#": "1",
                            "managed_policy_arns.0": "arn:aws:iam::aws:policy/aws-service-role/AWSTrustedAdvisorServiceRolePolicy",
                            "max_session_duration": "3600",
                            "name": "AWSServiceRoleForTrustedAdvisor",
                            "name_prefix": "",
                            "path": "/aws-service-role/trustedadvisor.amazonaws.com/",
                            "tags.%": "0",
                            "tags_all.%": "0",
                            "unique_id": "AROAITKF7KS4EZYCIFKVO"
                        },
                        "meta": {
                            "schema_version": 0
                        },
                        "tainted": false
                    },
                    "deposed": [],
                    "provider": "provider.aws"
                },
                "aws_iam_role.tfer--demoForum-dev-ap-northeast-2-lambdaRole": {
                    "type": "aws_iam_role",
                    "depends_on": [],
                    "primary": {
                        "id": "demoForum-dev-ap-northeast-2-lambdaRole",
                        "attributes": {
                            "arn": "arn:aws:iam::752417200383:role/demoForum-dev-ap-northeast-2-lambdaRole",
                            "assume_role_policy": "{\"Statement\":[{\"Action\":\"sts:AssumeRole\",\"Effect\":\"Allow\",\"Principal\":{\"Service\":\"lambda.amazonaws.com\"}}],\"Version\":\"2012-10-17\"}",
                            "create_date": "2022-08-18T11:51:48Z",
                            "description": "",
                            "id": "demoForum-dev-ap-northeast-2-lambdaRole",
                            "inline_policy.#": "1",
                            "inline_policy.0.name": "demoForum-dev-lambda",
                            "inline_policy.0.policy": "{\"Version\":\"2012-10-17\",\"Statement\":[{\"Action\":[\"logs:CreateLogStream\",\"logs:CreateLogGroup\"],\"Resource\":[\"arn:aws:logs:ap-northeast-2:752417200383:log-group:/aws/lambda/demoForum-dev*:*\"],\"Effect\":\"Allow\"},{\"Action\":[\"logs:PutLogEvents\"],\"Resource\":[\"arn:aws:logs:ap-northeast-2:752417200383:log-group:/aws/lambda/demoForum-dev*:*:*\"],\"Effect\":\"Allow\"},{\"Action\":[\"xray:PutTraceSegments\",\"xray:PutTelemetryRecords\"],\"Resource\":[\"*\"],\"Effect\":\"Allow\"}]}",
                            "managed_policy_arns.#": "0",
                            "max_session_duration": "3600",
                            "name": "demoForum-dev-ap-northeast-2-lambdaRole",
                            "name_prefix": "",
                            "path": "/",
                            "tags.%": "1",
                            "tags.STAGE": "dev",
                            "tags_all.%": "1",
                            "tags_all.STAGE": "dev",
                            "unique_id": "AROA26L4PLD7XYUC2GEVR"
                        },
                        "meta": {
                            "schema_version": 0
                        },
                        "tainted": false
                    },
                    "deposed": [],
                    "provider": "provider.aws"
                },
                "aws_iam_role.tfer--tf-demo-forum-role": {
                    "type": "aws_iam_role",
                    "depends_on": [],
                    "primary": {
                        "id": "tf-demo-forum-role",
                        "attributes": {
                            "arn": "arn:aws:iam::752417200383:role/tf-demo-forum-role",
                            "assume_role_policy": "{\"Statement\":[{\"Action\":\"sts:AssumeRole\",\"Effect\":\"Allow\",\"Principal\":{\"Service\":\"lambda.amazonaws.com\"},\"Sid\":\"stsAssumeRole\"}],\"Version\":\"2012-10-17\"}",
                            "create_date": "2022-08-23T10:57:29Z",
                            "description": "",
                            "id": "tf-demo-forum-role",
                            "inline_policy.#": "1",
                            "inline_policy.0.name": "tf-demo-forum-role-policy",
                            "inline_policy.0.policy": "{\n  \"Version\": \"2012-10-17\",\n  \"Statement\": [\n    {\n      \"Sid\": \"logCreate\",\n      \"Effect\": \"Allow\",\n      \"Action\": [\n        \"logs:CreateLogStream\",\n        \"logs:CreateLogGroup\"\n      ],\n      \"Resource\": \"arn:aws:logs:ap-northeast-2:752417200383:log-group:/aws/lambda/tf-demo-forum:*\"\n    },\n    {\n      \"Sid\": \"logPut\",\n      \"Effect\": \"Allow\",\n      \"Action\": \"logs:PutLogEvents\",\n      \"Resource\": \"arn:aws:logs:ap-northeast-2:752417200383:log-group:/aws/lambda/tf-demo-forum:*:*\"\n    }\n  ]\n}",
                            "managed_policy_arns.#": "0",
                            "max_session_duration": "3600",
                            "name": "tf-demo-forum-role",
                            "name_prefix": "",
                            "path": "/",
                            "tags.%": "4",
                            "tags.CREATED_BY": "tf",
                            "tags.NAME": "tf-demo-forum-role",
                            "tags.PROJECT": "demo-forum",
                            "tags.STAGE": "dev",
                            "tags_all.%": "4",
                            "tags_all.CREATED_BY": "tf",
                            "tags_all.NAME": "tf-demo-forum-role",
                            "tags_all.PROJECT": "demo-forum",
                            "tags_all.STAGE": "dev",
                            "unique_id": "AROA26L4PLD75FP2YZS2J"
                        },
                        "meta": {
                            "schema_version": 0
                        },
                        "tainted": false
                    },
                    "deposed": [],
                    "provider": "provider.aws"
                },
                "aws_iam_role_policy.tfer--demoForum-dev-ap-northeast-2-lambdaRole_demoForum-dev-lambda": {
                    "type": "aws_iam_role_policy",
                    "depends_on": [],
                    "primary": {
                        "id": "demoForum-dev-ap-northeast-2-lambdaRole:demoForum-dev-lambda",
                        "attributes": {
                            "id": "demoForum-dev-ap-northeast-2-lambdaRole:demoForum-dev-lambda",
                            "name": "demoForum-dev-lambda",
                            "policy": "{\"Version\":\"2012-10-17\",\"Statement\":[{\"Action\":[\"logs:CreateLogStream\",\"logs:CreateLogGroup\"],\"Resource\":[\"arn:aws:logs:ap-northeast-2:752417200383:log-group:/aws/lambda/demoForum-dev*:*\"],\"Effect\":\"Allow\"},{\"Action\":[\"logs:PutLogEvents\"],\"Resource\":[\"arn:aws:logs:ap-northeast-2:752417200383:log-group:/aws/lambda/demoForum-dev*:*:*\"],\"Effect\":\"Allow\"},{\"Action\":[\"xray:PutTraceSegments\",\"xray:PutTelemetryRecords\"],\"Resource\":[\"*\"],\"Effect\":\"Allow\"}]}",
                            "role": "demoForum-dev-ap-northeast-2-lambdaRole"
                        },
                        "meta": {
                            "schema_version": 0
                        },
                        "tainted": false
                    },
                    "deposed": [],
                    "provider": "provider.aws"
                },
                "aws_iam_role_policy.tfer--tf-demo-forum-role_tf-demo-forum-role-policy": {
                    "type": "aws_iam_role_policy",
                    "depends_on": [],
                    "primary": {
                        "id": "tf-demo-forum-role:tf-demo-forum-role-policy",
                        "attributes": {
                            "id": "tf-demo-forum-role:tf-demo-forum-role-policy",
                            "name": "tf-demo-forum-role-policy",
                            "policy": "{\n  \"Version\": \"2012-10-17\",\n  \"Statement\": [\n    {\n      \"Sid\": \"logCreate\",\n      \"Effect\": \"Allow\",\n      \"Action\": [\n        \"logs:CreateLogStream\",\n        \"logs:CreateLogGroup\"\n      ],\n      \"Resource\": \"arn:aws:logs:ap-northeast-2:752417200383:log-group:/aws/lambda/tf-demo-forum:*\"\n    },\n    {\n      \"Sid\": \"logPut\",\n      \"Effect\": \"Allow\",\n      \"Action\": \"logs:PutLogEvents\",\n      \"Resource\": \"arn:aws:logs:ap-northeast-2:752417200383:log-group:/aws/lambda/tf-demo-forum:*:*\"\n    }\n  ]\n}",
                            "role": "tf-demo-forum-role"
                        },
                        "meta": {
                            "schema_version": 0
                        },
                        "tainted": false
                    },
                    "deposed": [],
                    "provider": "provider.aws"
                },
                "aws_iam_role_policy_attachment.tfer--AWSServiceRoleForAPIGateway_APIGatewayServiceRolePolicy": {
                    "type": "aws_iam_role_policy_attachment",
                    "depends_on": [],
                    "primary": {
                        "id": "AWSServiceRoleForAPIGateway/arn:aws:iam::aws:policy/aws-service-role/APIGatewayServiceRolePolicy",
                        "attributes": {
                            "id": "AWSServiceRoleForAPIGateway/arn:aws:iam::aws:policy/aws-service-role/APIGatewayServiceRolePolicy",
                            "policy_arn": "arn:aws:iam::aws:policy/aws-service-role/APIGatewayServiceRolePolicy",
                            "role": "AWSServiceRoleForAPIGateway"
                        },
                        "meta": {
                            "schema_version": 0
                        },
                        "tainted": false
                    },
                    "deposed": [],
                    "provider": "provider.aws"
                },
                "aws_iam_role_policy_attachment.tfer--AWSServiceRoleForAWSCloud9_AWSCloud9ServiceRolePolicy": {
                    "type": "aws_iam_role_policy_attachment",
                    "depends_on": [],
                    "primary": {
                        "id": "AWSServiceRoleForAWSCloud9/arn:aws:iam::aws:policy/aws-service-role/AWSCloud9ServiceRolePolicy",
                        "attributes": {
                            "id": "AWSServiceRoleForAWSCloud9/arn:aws:iam::aws:policy/aws-service-role/AWSCloud9ServiceRolePolicy",
                            "policy_arn": "arn:aws:iam::aws:policy/aws-service-role/AWSCloud9ServiceRolePolicy",
                            "role": "AWSServiceRoleForAWSCloud9"
                        },
                        "meta": {
                            "schema_version": 0
                        },
                        "tainted": false
                    },
                    "deposed": [],
                    "provider": "provider.aws"
                },
                "aws_iam_role_policy_attachment.tfer--AWSServiceRoleForApplicationAutoScaling_DynamoDBTable_AWSApplicationAutoscalingDynamoDBTablePolicy": {
                    "type": "aws_iam_role_policy_attachment",
                    "depends_on": [],
                    "primary": {
                        "id": "AWSServiceRoleForApplicationAutoScaling_DynamoDBTable/arn:aws:iam::aws:policy/aws-service-role/AWSApplicationAutoscalingDynamoDBTablePolicy",
                        "attributes": {
                            "id": "AWSServiceRoleForApplicationAutoScaling_DynamoDBTable/arn:aws:iam::aws:policy/aws-service-role/AWSApplicationAutoscalingDynamoDBTablePolicy",
                            "policy_arn": "arn:aws:iam::aws:policy/aws-service-role/AWSApplicationAutoscalingDynamoDBTablePolicy",
                            "role": "AWSServiceRoleForApplicationAutoScaling_DynamoDBTable"
                        },
                        "meta": {
                            "schema_version": 0
                        },
                        "tainted": false
                    },
                    "deposed": [],
                    "provider": "provider.aws"
                },
                "aws_iam_role_policy_attachment.tfer--AWSServiceRoleForAutoScaling_AutoScalingServiceRolePolicy": {
                    "type": "aws_iam_role_policy_attachment",
                    "depends_on": [],
                    "primary": {
                        "id": "AWSServiceRoleForAutoScaling/arn:aws:iam::aws:policy/aws-service-role/AutoScalingServiceRolePolicy",
                        "attributes": {
                            "id": "AWSServiceRoleForAutoScaling/arn:aws:iam::aws:policy/aws-service-role/AutoScalingServiceRolePolicy",
                            "policy_arn": "arn:aws:iam::aws:policy/aws-service-role/AutoScalingServiceRolePolicy",
                            "role": "AWSServiceRoleForAutoScaling"
                        },
                        "meta": {
                            "schema_version": 0
                        },
                        "tainted": false
                    },
                    "deposed": [],
                    "provider": "provider.aws"
                },
                "aws_iam_role_policy_attachment.tfer--AWSServiceRoleForCloudFrontLogger_AWSCloudFrontLogger": {
                    "type": "aws_iam_role_policy_attachment",
                    "depends_on": [],
                    "primary": {
                        "id": "AWSServiceRoleForCloudFrontLogger/arn:aws:iam::aws:policy/aws-service-role/AWSCloudFrontLogger",
                        "attributes": {
                            "id": "AWSServiceRoleForCloudFrontLogger/arn:aws:iam::aws:policy/aws-service-role/AWSCloudFrontLogger",
                            "policy_arn": "arn:aws:iam::aws:policy/aws-service-role/AWSCloudFrontLogger",
                            "role": "AWSServiceRoleForCloudFrontLogger"
                        },
                        "meta": {
                            "schema_version": 0
                        },
                        "tainted": false
                    },
                    "deposed": [],
                    "provider": "provider.aws"
                },
                "aws_iam_role_policy_attachment.tfer--AWSServiceRoleForECS_AmazonECSServiceRolePolicy": {
                    "type": "aws_iam_role_policy_attachment",
                    "depends_on": [],
                    "primary": {
                        "id": "AWSServiceRoleForECS/arn:aws:iam::aws:policy/aws-service-role/AmazonECSServiceRolePolicy",
                        "attributes": {
                            "id": "AWSServiceRoleForECS/arn:aws:iam::aws:policy/aws-service-role/AmazonECSServiceRolePolicy",
                            "policy_arn": "arn:aws:iam::aws:policy/aws-service-role/AmazonECSServiceRolePolicy",
                            "role": "AWSServiceRoleForECS"
                        },
                        "meta": {
                            "schema_version": 0
                        },
                        "tainted": false
                    },
                    "deposed": [],
                    "provider": "provider.aws"
                },
                "aws_iam_role_policy_attachment.tfer--AWSServiceRoleForElastiCache_ElastiCacheServiceRolePolicy": {
                    "type": "aws_iam_role_policy_attachment",
                    "depends_on": [],
                    "primary": {
                        "id": "AWSServiceRoleForElastiCache/arn:aws:iam::aws:policy/aws-service-role/ElastiCacheServiceRolePolicy",
                        "attributes": {
                            "id": "AWSServiceRoleForElastiCache/arn:aws:iam::aws:policy/aws-service-role/ElastiCacheServiceRolePolicy",
                            "policy_arn": "arn:aws:iam::aws:policy/aws-service-role/ElastiCacheServiceRolePolicy",
                            "role": "AWSServiceRoleForElastiCache"
                        },
                        "meta": {
                            "schema_version": 0
                        },
                        "tainted": false
                    },
                    "deposed": [],
                    "provider": "provider.aws"
                },
                "aws_iam_role_policy_attachment.tfer--AWSServiceRoleForElasticLoadBalancing_AWSElasticLoadBalancingServiceRolePolicy": {
                    "type": "aws_iam_role_policy_attachment",
                    "depends_on": [],
                    "primary": {
                        "id": "AWSServiceRoleForElasticLoadBalancing/arn:aws:iam::aws:policy/aws-service-role/AWSElasticLoadBalancingServiceRolePolicy",
                        "attributes": {
                            "id": "AWSServiceRoleForElasticLoadBalancing/arn:aws:iam::aws:policy/aws-service-role/AWSElasticLoadBalancingServiceRolePolicy",
                            "policy_arn": "arn:aws:iam::aws:policy/aws-service-role/AWSElasticLoadBalancingServiceRolePolicy",
                            "role": "AWSServiceRoleForElasticLoadBalancing"
                        },
                        "meta": {
                            "schema_version": 0
                        },
                        "tainted": false
                    },
                    "deposed": [],
                    "provider": "provider.aws"
                },
                "aws_iam_role_policy_attachment.tfer--AWSServiceRoleForLambdaReplicator_AWSLambdaReplicator": {
                    "type": "aws_iam_role_policy_attachment",
                    "depends_on": [],
                    "primary": {
                        "id": "AWSServiceRoleForLambdaReplicator/arn:aws:iam::aws:policy/aws-service-role/AWSLambdaReplicator",
                        "attributes": {
                            "id": "AWSServiceRoleForLambdaReplicator/arn:aws:iam::aws:policy/aws-service-role/AWSLambdaReplicator",
                            "policy_arn": "arn:aws:iam::aws:policy/aws-service-role/AWSLambdaReplicator",
                            "role": "AWSServiceRoleForLambdaReplicator"
                        },
                        "meta": {
                            "schema_version": 0
                        },
                        "tainted": false
                    },
                    "deposed": [],
                    "provider": "provider.aws"
                },
                "aws_iam_role_policy_attachment.tfer--AWSServiceRoleForRDS_AmazonRDSServiceRolePolicy": {
                    "type": "aws_iam_role_policy_attachment",
                    "depends_on": [],
                    "primary": {
                        "id": "AWSServiceRoleForRDS/arn:aws:iam::aws:policy/aws-service-role/AmazonRDSServiceRolePolicy",
                        "attributes": {
                            "id": "AWSServiceRoleForRDS/arn:aws:iam::aws:policy/aws-service-role/AmazonRDSServiceRolePolicy",
                            "policy_arn": "arn:aws:iam::aws:policy/aws-service-role/AmazonRDSServiceRolePolicy",
                            "role": "AWSServiceRoleForRDS"
                        },
                        "meta": {
                            "schema_version": 0
                        },
                        "tainted": false
                    },
                    "deposed": [],
                    "provider": "provider.aws"
                },
                "aws_iam_role_policy_attachment.tfer--AWSServiceRoleForSupport_AWSSupportServiceRolePolicy": {
                    "type": "aws_iam_role_policy_attachment",
                    "depends_on": [],
                    "primary": {
                        "id": "AWSServiceRoleForSupport/arn:aws:iam::aws:policy/aws-service-role/AWSSupportServiceRolePolicy",
                        "attributes": {
                            "id": "AWSServiceRoleForSupport/arn:aws:iam::aws:policy/aws-service-role/AWSSupportServiceRolePolicy",
                            "policy_arn": "arn:aws:iam::aws:policy/aws-service-role/AWSSupportServiceRolePolicy",
                            "role": "AWSServiceRoleForSupport"
                        },
                        "meta": {
                            "schema_version": 0
                        },
                        "tainted": false
                    },
                    "deposed": [],
                    "provider": "provider.aws"
                },
                "aws_iam_role_policy_attachment.tfer--AWSServiceRoleForTrustedAdvisor_AWSTrustedAdvisorServiceRolePolicy": {
                    "type": "aws_iam_role_policy_attachment",
                    "depends_on": [],
                    "primary": {
                        "id": "AWSServiceRoleForTrustedAdvisor/arn:aws:iam::aws:policy/aws-service-role/AWSTrustedAdvisorServiceRolePolicy",
                        "attributes": {
                            "id": "AWSServiceRoleForTrustedAdvisor/arn:aws:iam::aws:policy/aws-service-role/AWSTrustedAdvisorServiceRolePolicy",
                            "policy_arn": "arn:aws:iam::aws:policy/aws-service-role/AWSTrustedAdvisorServiceRolePolicy",
                            "role": "AWSServiceRoleForTrustedAdvisor"
                        },
                        "meta": {
                            "schema_version": 0
                        },
                        "tainted": false
                    },
                    "deposed": [],
                    "provider": "provider.aws"
                },
                "aws_iam_user.tfer--AIDA26L4PLD7RCAGTKVVT": {
                    "type": "aws_iam_user",
                    "depends_on": [],
                    "primary": {
                        "id": "admin",
                        "attributes": {
                            "arn": "arn:aws:iam::752417200383:user/admin",
                            "force_destroy": "false",
                            "id": "admin",
                            "name": "admin",
                            "path": "/",
                            "tags.%": "0",
                            "tags_all.%": "0",
                            "unique_id": "AIDA26L4PLD7RCAGTKVVT"
                        },
                        "meta": {
                            "schema_version": 0
                        },
                        "tainted": false
                    },
                    "deposed": [],
                    "provider": "provider.aws"
                },
                "aws_iam_user.tfer--AIDA26L4PLD7T32BQLUL2": {
                    "type": "aws_iam_user",
                    "depends_on": [],
                    "primary": {
                        "id": "yusanghuck",
                        "attributes": {
                            "arn": "arn:aws:iam::752417200383:user/yusanghuck",
                            "force_destroy": "false",
                            "id": "yusanghuck",
                            "name": "yusanghuck",
                            "path": "/",
                            "tags.%": "0",
                            "tags_all.%": "0",
                            "unique_id": "AIDA26L4PLD7T32BQLUL2"
                        },
                        "meta": {
                            "schema_version": 0
                        },
                        "tainted": false
                    },
                    "deposed": [],
                    "provider": "provider.aws"
                },
                "aws_iam_user.tfer--AIDA26L4PLD7VVF5BZ7VD": {
                    "type": "aws_iam_user",
                    "depends_on": [],
                    "primary": {
                        "id": "jenkins-local",
                        "attributes": {
                            "arn": "arn:aws:iam::752417200383:user/jenkins-local",
                            "force_destroy": "false",
                            "id": "jenkins-local",
                            "name": "jenkins-local",
                            "path": "/",
                            "tags.%": "2",
                            "tags.env": "local",
                            "tags.role": "ci",
                            "tags_all.%": "2",
                            "tags_all.env": "local",
                            "tags_all.role": "ci",
                            "unique_id": "AIDA26L4PLD7VVF5BZ7VD"
                        },
                        "meta": {
                            "schema_version": 0
                        },
                        "tainted": false
                    },
                    "deposed": [],
                    "provider": "provider.aws"
                },
                "aws_iam_user_policy_attachment.tfer--admin_AdministratorAccess": {
                    "type": "aws_iam_user_policy_attachment",
                    "depends_on": [],
                    "primary": {
                        "id": "admin/arn:aws:iam::aws:policy/AdministratorAccess",
                        "attributes": {
                            "id": "admin/arn:aws:iam::aws:policy/AdministratorAccess",
                            "policy_arn": "arn:aws:iam::aws:policy/AdministratorAccess",
                            "user": "admin"
                        },
                        "meta": {
                            "schema_version": 0
                        },
                        "tainted": false
                    },
                    "deposed": [],
                    "provider": "provider.aws"
                },
                "aws_iam_user_policy_attachment.tfer--admin_IAMUserChangePassword": {
                    "type": "aws_iam_user_policy_attachment",
                    "depends_on": [],
                    "primary": {
                        "id": "admin/arn:aws:iam::aws:policy/IAMUserChangePassword",
                        "attributes": {
                            "id": "admin/arn:aws:iam::aws:policy/IAMUserChangePassword",
                            "policy_arn": "arn:aws:iam::aws:policy/IAMUserChangePassword",
                            "user": "admin"
                        },
                        "meta": {
                            "schema_version": 0
                        },
                        "tainted": false
                    },
                    "deposed": [],
                    "provider": "provider.aws"
                },
                "aws_iam_user_policy_attachment.tfer--jenkins-local_AWSBillingConductorFullAccess": {
                    "type": "aws_iam_user_policy_attachment",
                    "depends_on": [],
                    "primary": {
                        "id": "jenkins-local/arn:aws:iam::aws:policy/AWSBillingConductorFullAccess",
                        "attributes": {
                            "id": "jenkins-local/arn:aws:iam::aws:policy/AWSBillingConductorFullAccess",
                            "policy_arn": "arn:aws:iam::aws:policy/AWSBillingConductorFullAccess",
                            "user": "jenkins-local"
                        },
                        "meta": {
                            "schema_version": 0
                        },
                        "tainted": false
                    },
                    "deposed": [],
                    "provider": "provider.aws"
                },
                "aws_iam_user_policy_attachment.tfer--jenkins-local_AdministratorAccess": {
                    "type": "aws_iam_user_policy_attachment",
                    "depends_on": [],
                    "primary": {
                        "id": "jenkins-local/arn:aws:iam::aws:policy/AdministratorAccess",
                        "attributes": {
                            "id": "jenkins-local/arn:aws:iam::aws:policy/AdministratorAccess",
                            "policy_arn": "arn:aws:iam::aws:policy/AdministratorAccess",
                            "user": "jenkins-local"
                        },
                        "meta": {
                            "schema_version": 0
                        },
                        "tainted": false
                    },
                    "deposed": [],
                    "provider": "provider.aws"
                },
                "aws_iam_user_policy_attachment.tfer--yusanghuck_AWSBillingConductorFullAccess": {
                    "type": "aws_iam_user_policy_attachment",
                    "depends_on": [],
                    "primary": {
                        "id": "yusanghuck/arn:aws:iam::aws:policy/AWSBillingConductorFullAccess",
                        "attributes": {
                            "id": "yusanghuck/arn:aws:iam::aws:policy/AWSBillingConductorFullAccess",
                            "policy_arn": "arn:aws:iam::aws:policy/AWSBillingConductorFullAccess",
                            "user": "yusanghuck"
                        },
                        "meta": {
                            "schema_version": 0
                        },
                        "tainted": false
                    },
                    "deposed": [],
                    "provider": "provider.aws"
                },
                "aws_iam_user_policy_attachment.tfer--yusanghuck_AdministratorAccess": {
                    "type": "aws_iam_user_policy_attachment",
                    "depends_on": [],
                    "primary": {
                        "id": "yusanghuck/arn:aws:iam::aws:policy/AdministratorAccess",
                        "attributes": {
                            "id": "yusanghuck/arn:aws:iam::aws:policy/AdministratorAccess",
                            "policy_arn": "arn:aws:iam::aws:policy/AdministratorAccess",
                            "user": "yusanghuck"
                        },
                        "meta": {
                            "schema_version": 0
                        },
                        "tainted": false
                    },
                    "deposed": [],
                    "provider": "provider.aws"
                }
            },
            "depends_on": []
        }
    ]
}
